
Microsoft Visual Studio Solution File, Format Version 12.00
# Visual Studio Version 16
VisualStudioVersion = 16.0.29519.87
MinimumVisualStudioVersion = 10.0.40219.1
Project("{FAE04EC0-301F-11D3-BF4B-00C04F79EFBC}") = "Formler", "Formler.csproj", "{7AEBDB0F-DA57-4D64-ACAF-70E48663B02C}"
EndProject
Global
	GlobalSection(SolutionConfigurationPlatforms) = preSolution
		Debug|Any CPU = Debug|Any CPU
		Release|Any CPU = Release|Any CPU
	EndGlobalSection
	GlobalSection(ProjectConfigurationPlatforms) = postSolution
		{7AEBDB0F-DA57-4D64-ACAF-70E48663B02C}.Debug|Any CPU.ActiveCfg = Debug|Any CPU
		{7AEBDB0F-DA57-4D64-ACAF-70E48663B02C}.Debug|Any CPU.Build.0 = Debug|Any CPU
		{7AEBDB0F-DA57-4D64-ACAF-70E48663B02C}.Release|Any CPU.ActiveCfg = Release|Any CPU
		{7AEBDB0F-DA57-4D64-ACAF-70E48663B02C}.Release|Any CPU.Build.0 = Release|Any CPU
	EndGlobalSection
	GlobalSection(SolutionProperties) = preSolution
		HideSolutionNode = FALSE
	EndGlobalSection
	GlobalSection(ExtensibilityGlobals) = postSolution
		SolutionGuid = {8531A5CC-BCE4-46B4-B6F7-E5C04F1C267A}
	EndGlobalSection
EndGlobal
