
Microsoft Visual Studio Solution File, Format Version 12.00
# Visual Studio Version 16
VisualStudioVersion = 16.0.30503.244
MinimumVisualStudioVersion = 10.0.40219.1
Project("{FAE04EC0-301F-11D3-BF4B-00C04F79EFBC}") = "SpeechRecognition", "SpeechRecognition.csproj", "{7BEE6823-F97C-480A-99FC-FA70519CDA5A}"
EndProject
Global
	GlobalSection(SolutionConfigurationPlatforms) = preSolution
		Debug|Any CPU = Debug|Any CPU
		Release|Any CPU = Release|Any CPU
	EndGlobalSection
	GlobalSection(ProjectConfigurationPlatforms) = postSolution
		{7BEE6823-F97C-480A-99FC-FA70519CDA5A}.Debug|Any CPU.ActiveCfg = Debug|Any CPU
		{7BEE6823-F97C-480A-99FC-FA70519CDA5A}.Debug|Any CPU.Build.0 = Debug|Any CPU
		{7BEE6823-F97C-480A-99FC-FA70519CDA5A}.Release|Any CPU.ActiveCfg = Release|Any CPU
		{7BEE6823-F97C-480A-99FC-FA70519CDA5A}.Release|Any CPU.Build.0 = Release|Any CPU
	EndGlobalSection
	GlobalSection(SolutionProperties) = preSolution
		HideSolutionNode = FALSE
	EndGlobalSection
	GlobalSection(ExtensibilityGlobals) = postSolution
		SolutionGuid = {75042D64-185F-4830-B204-04CB9E1B921B}
	EndGlobalSection
EndGlobal
