
Microsoft Visual Studio Solution File, Format Version 12.00
# Visual Studio Version 16
VisualStudioVersion = 16.0.31613.86
MinimumVisualStudioVersion = 10.0.40219.1
Project("{FAE04EC0-301F-11D3-BF4B-00C04F79EFBC}") = "FreesicXam.UWP", "FreesicXam.UWP\FreesicXam.UWP.csproj", "{BFA8693E-EE58-4746-AAD7-242497774544}"
EndProject
Project("{FAE04EC0-301F-11D3-BF4B-00C04F79EFBC}") = "FreesicXam.Android", "FreesicXam.Android\FreesicXam.Android.csproj", "{31675DE6-7581-45E2-9218-BC697F1F4F0A}"
EndProject
Project("{FAE04EC0-301F-11D3-BF4B-00C04F79EFBC}") = "FreesicXam.iOS", "FreesicXam.iOS\FreesicXam.iOS.csproj", "{743D9998-5D55-4B27-8ECA-FA0BD921BC40}"
EndProject
Project("{FAE04EC0-301F-11D3-BF4B-00C04F79EFBC}") = "FreesicXam", "FreesicXam\FreesicXam.csproj", "{DDC7574B-E530-4C61-B80D-3D950C03D856}"
EndProject
Global
	GlobalSection(SolutionConfigurationPlatforms) = preSolution
		Debug|Any CPU = Debug|Any CPU
		Debug|ARM = Debug|ARM
		Debug|iPhone = Debug|iPhone
		Debug|iPhoneSimulator = Debug|iPhoneSimulator
		Debug|x64 = Debug|x64
		Debug|x86 = Debug|x86
		Release|Any CPU = Release|Any CPU
		Release|ARM = Release|ARM
		Release|iPhone = Release|iPhone
		Release|iPhoneSimulator = Release|iPhoneSimulator
		Release|x64 = Release|x64
		Release|x86 = Release|x86
	EndGlobalSection
	GlobalSection(ProjectConfigurationPlatforms) = postSolution
		{BFA8693E-EE58-4746-AAD7-242497774544}.Debug|Any CPU.ActiveCfg = Debug|x86
		{BFA8693E-EE58-4746-AAD7-242497774544}.Debug|Any CPU.Build.0 = Debug|x86
		{BFA8693E-EE58-4746-AAD7-242497774544}.Debug|Any CPU.Deploy.0 = Debug|x86
		{BFA8693E-EE58-4746-AAD7-242497774544}.Debug|ARM.ActiveCfg = Debug|ARM
		{BFA8693E-EE58-4746-AAD7-242497774544}.Debug|ARM.Build.0 = Debug|ARM
		{BFA8693E-EE58-4746-AAD7-242497774544}.Debug|ARM.Deploy.0 = Debug|ARM
		{BFA8693E-EE58-4746-AAD7-242497774544}.Debug|iPhone.ActiveCfg = Debug|x86
		{BFA8693E-EE58-4746-AAD7-242497774544}.Debug|iPhone.Build.0 = Debug|x86
		{BFA8693E-EE58-4746-AAD7-242497774544}.Debug|iPhone.Deploy.0 = Debug|x86
		{BFA8693E-EE58-4746-AAD7-242497774544}.Debug|iPhoneSimulator.ActiveCfg = Debug|x86
		{BFA8693E-EE58-4746-AAD7-242497774544}.Debug|iPhoneSimulator.Build.0 = Debug|x86
		{BFA8693E-EE58-4746-AAD7-242497774544}.Debug|iPhoneSimulator.Deploy.0 = Debug|x86
		{BFA8693E-EE58-4746-AAD7-242497774544}.Debug|x64.ActiveCfg = Debug|x64
		{BFA8693E-EE58-4746-AAD7-242497774544}.Debug|x64.Build.0 = Debug|x64
		{BFA8693E-EE58-4746-AAD7-242497774544}.Debug|x64.Deploy.0 = Debug|x64
		{BFA8693E-EE58-4746-AAD7-242497774544}.Debug|x86.ActiveCfg = Debug|x86
		{BFA8693E-EE58-4746-AAD7-242497774544}.Debug|x86.Build.0 = Debug|x86
		{BFA8693E-EE58-4746-AAD7-242497774544}.Debug|x86.Deploy.0 = Debug|x86
		{BFA8693E-EE58-4746-AAD7-242497774544}.Release|Any CPU.ActiveCfg = Release|x86
		{BFA8693E-EE58-4746-AAD7-242497774544}.Release|Any CPU.Build.0 = Release|x86
		{BFA8693E-EE58-4746-AAD7-242497774544}.Release|Any CPU.Deploy.0 = Release|x86
		{BFA8693E-EE58-4746-AAD7-242497774544}.Release|ARM.ActiveCfg = Release|ARM
		{BFA8693E-EE58-4746-AAD7-242497774544}.Release|ARM.Build.0 = Release|ARM
		{BFA8693E-EE58-4746-AAD7-242497774544}.Release|ARM.Deploy.0 = Release|ARM
		{BFA8693E-EE58-4746-AAD7-242497774544}.Release|iPhone.ActiveCfg = Release|x86
		{BFA8693E-EE58-4746-AAD7-242497774544}.Release|iPhone.Build.0 = Release|x86
		{BFA8693E-EE58-4746-AAD7-242497774544}.Release|iPhone.Deploy.0 = Release|x86
		{BFA8693E-EE58-4746-AAD7-242497774544}.Release|iPhoneSimulator.ActiveCfg = Release|x86
		{BFA8693E-EE58-4746-AAD7-242497774544}.Release|iPhoneSimulator.Build.0 = Release|x86
		{BFA8693E-EE58-4746-AAD7-242497774544}.Release|iPhoneSimulator.Deploy.0 = Release|x86
		{BFA8693E-EE58-4746-AAD7-242497774544}.Release|x64.ActiveCfg = Release|x64
		{BFA8693E-EE58-4746-AAD7-242497774544}.Release|x64.Build.0 = Release|x64
		{BFA8693E-EE58-4746-AAD7-242497774544}.Release|x64.Deploy.0 = Release|x64
		{BFA8693E-EE58-4746-AAD7-242497774544}.Release|x86.ActiveCfg = Release|x86
		{BFA8693E-EE58-4746-AAD7-242497774544}.Release|x86.Build.0 = Release|x86
		{BFA8693E-EE58-4746-AAD7-242497774544}.Release|x86.Deploy.0 = Release|x86
		{31675DE6-7581-45E2-9218-BC697F1F4F0A}.Debug|Any CPU.ActiveCfg = Debug|Any CPU
		{31675DE6-7581-45E2-9218-BC697F1F4F0A}.Debug|Any CPU.Build.0 = Debug|Any CPU
		{31675DE6-7581-45E2-9218-BC697F1F4F0A}.Debug|Any CPU.Deploy.0 = Debug|Any CPU
		{31675DE6-7581-45E2-9218-BC697F1F4F0A}.Debug|ARM.ActiveCfg = Debug|Any CPU
		{31675DE6-7581-45E2-9218-BC697F1F4F0A}.Debug|ARM.Build.0 = Debug|Any CPU
		{31675DE6-7581-45E2-9218-BC697F1F4F0A}.Debug|ARM.Deploy.0 = Debug|Any CPU
		{31675DE6-7581-45E2-9218-BC697F1F4F0A}.Debug|iPhone.ActiveCfg = Debug|Any CPU
		{31675DE6-7581-45E2-9218-BC697F1F4F0A}.Debug|iPhone.Build.0 = Debug|Any CPU
		{31675DE6-7581-45E2-9218-BC697F1F4F0A}.Debug|iPhone.Deploy.0 = Debug|Any CPU
		{31675DE6-7581-45E2-9218-BC697F1F4F0A}.Debug|iPhoneSimulator.ActiveCfg = Debug|Any CPU
		{31675DE6-7581-45E2-9218-BC697F1F4F0A}.Debug|iPhoneSimulator.Build.0 = Debug|Any CPU
		{31675DE6-7581-45E2-9218-BC697F1F4F0A}.Debug|iPhoneSimulator.Deploy.0 = Debug|Any CPU
		{31675DE6-7581-45E2-9218-BC697F1F4F0A}.Debug|x64.ActiveCfg = Debug|Any CPU
		{31675DE6-7581-45E2-9218-BC697F1F4F0A}.Debug|x64.Build.0 = Debug|Any CPU
		{31675DE6-7581-45E2-9218-BC697F1F4F0A}.Debug|x64.Deploy.0 = Debug|Any CPU
		{31675DE6-7581-45E2-9218-BC697F1F4F0A}.Debug|x86.ActiveCfg = Debug|Any CPU
		{31675DE6-7581-45E2-9218-BC697F1F4F0A}.Debug|x86.Build.0 = Debug|Any CPU
		{31675DE6-7581-45E2-9218-BC697F1F4F0A}.Debug|x86.Deploy.0 = Debug|Any CPU
		{31675DE6-7581-45E2-9218-BC697F1F4F0A}.Release|Any CPU.ActiveCfg = Release|Any CPU
		{31675DE6-7581-45E2-9218-BC697F1F4F0A}.Release|Any CPU.Build.0 = Release|Any CPU
		{31675DE6-7581-45E2-9218-BC697F1F4F0A}.Release|Any CPU.Deploy.0 = Release|Any CPU
		{31675DE6-7581-45E2-9218-BC697F1F4F0A}.Release|ARM.ActiveCfg = Release|Any CPU
		{31675DE6-7581-45E2-9218-BC697F1F4F0A}.Release|ARM.Build.0 = Release|Any CPU
		{31675DE6-7581-45E2-9218-BC697F1F4F0A}.Release|ARM.Deploy.0 = Release|Any CPU
		{31675DE6-7581-45E2-9218-BC697F1F4F0A}.Release|iPhone.ActiveCfg = Release|Any CPU
		{31675DE6-7581-45E2-9218-BC697F1F4F0A}.Release|iPhone.Build.0 = Release|Any CPU
		{31675DE6-7581-45E2-9218-BC697F1F4F0A}.Release|iPhone.Deploy.0 = Release|Any CPU
		{31675DE6-7581-45E2-9218-BC697F1F4F0A}.Release|iPhoneSimulator.ActiveCfg = Release|Any CPU
		{31675DE6-7581-45E2-9218-BC697F1F4F0A}.Release|iPhoneSimulator.Build.0 = Release|Any CPU
		{31675DE6-7581-45E2-9218-BC697F1F4F0A}.Release|iPhoneSimulator.Deploy.0 = Release|Any CPU
		{31675DE6-7581-45E2-9218-BC697F1F4F0A}.Release|x64.ActiveCfg = Release|Any CPU
		{31675DE6-7581-45E2-9218-BC697F1F4F0A}.Release|x64.Build.0 = Release|Any CPU
		{31675DE6-7581-45E2-9218-BC697F1F4F0A}.Release|x64.Deploy.0 = Release|Any CPU
		{31675DE6-7581-45E2-9218-BC697F1F4F0A}.Release|x86.ActiveCfg = Release|Any CPU
		{31675DE6-7581-45E2-9218-BC697F1F4F0A}.Release|x86.Build.0 = Release|Any CPU
		{31675DE6-7581-45E2-9218-BC697F1F4F0A}.Release|x86.Deploy.0 = Release|Any CPU
		{743D9998-5D55-4B27-8ECA-FA0BD921BC40}.Debug|Any CPU.ActiveCfg = Debug|iPhoneSimulator
		{743D9998-5D55-4B27-8ECA-FA0BD921BC40}.Debug|Any CPU.Build.0 = Debug|iPhoneSimulator
		{743D9998-5D55-4B27-8ECA-FA0BD921BC40}.Debug|Any CPU.Deploy.0 = Debug|iPhoneSimulator
		{743D9998-5D55-4B27-8ECA-FA0BD921BC40}.Debug|ARM.ActiveCfg = Debug|iPhone
		{743D9998-5D55-4B27-8ECA-FA0BD921BC40}.Debug|ARM.Build.0 = Debug|iPhone
		{743D9998-5D55-4B27-8ECA-FA0BD921BC40}.Debug|ARM.Deploy.0 = Debug|iPhone
		{743D9998-5D55-4B27-8ECA-FA0BD921BC40}.Debug|iPhone.ActiveCfg = Debug|iPhone
		{743D9998-5D55-4B27-8ECA-FA0BD921BC40}.Debug|iPhone.Build.0 = Debug|iPhone
		{743D9998-5D55-4B27-8ECA-FA0BD921BC40}.Debug|iPhone.Deploy.0 = Debug|iPhone
		{743D9998-5D55-4B27-8ECA-FA0BD921BC40}.Debug|iPhoneSimulator.ActiveCfg = Debug|iPhoneSimulator
		{743D9998-5D55-4B27-8ECA-FA0BD921BC40}.Debug|iPhoneSimulator.Build.0 = Debug|iPhoneSimulator
		{743D9998-5D55-4B27-8ECA-FA0BD921BC40}.Debug|iPhoneSimulator.Deploy.0 = Debug|iPhoneSimulator
		{743D9998-5D55-4B27-8ECA-FA0BD921BC40}.Debug|x64.ActiveCfg = Debug|iPhoneSimulator
		{743D9998-5D55-4B27-8ECA-FA0BD921BC40}.Debug|x64.Build.0 = Debug|iPhoneSimulator
		{743D9998-5D55-4B27-8ECA-FA0BD921BC40}.Debug|x64.Deploy.0 = Debug|iPhoneSimulator
		{743D9998-5D55-4B27-8ECA-FA0BD921BC40}.Debug|x86.ActiveCfg = Debug|iPhoneSimulator
		{743D9998-5D55-4B27-8ECA-FA0BD921BC40}.Debug|x86.Build.0 = Debug|iPhoneSimulator
		{743D9998-5D55-4B27-8ECA-FA0BD921BC40}.Debug|x86.Deploy.0 = Debug|iPhoneSimulator
		{743D9998-5D55-4B27-8ECA-FA0BD921BC40}.Release|Any CPU.ActiveCfg = Release|iPhoneSimulator
		{743D9998-5D55-4B27-8ECA-FA0BD921BC40}.Release|Any CPU.Build.0 = Release|iPhoneSimulator
		{743D9998-5D55-4B27-8ECA-FA0BD921BC40}.Release|Any CPU.Deploy.0 = Release|iPhoneSimulator
		{743D9998-5D55-4B27-8ECA-FA0BD921BC40}.Release|ARM.ActiveCfg = Release|iPhoneSimulator
		{743D9998-5D55-4B27-8ECA-FA0BD921BC40}.Release|ARM.Build.0 = Release|iPhoneSimulator
		{743D9998-5D55-4B27-8ECA-FA0BD921BC40}.Release|ARM.Deploy.0 = Release|iPhoneSimulator
		{743D9998-5D55-4B27-8ECA-FA0BD921BC40}.Release|iPhone.ActiveCfg = Release|iPhone
		{743D9998-5D55-4B27-8ECA-FA0BD921BC40}.Release|iPhone.Build.0 = Release|iPhone
		{743D9998-5D55-4B27-8ECA-FA0BD921BC40}.Release|iPhone.Deploy.0 = Release|iPhone
		{743D9998-5D55-4B27-8ECA-FA0BD921BC40}.Release|iPhoneSimulator.ActiveCfg = Release|iPhoneSimulator
		{743D9998-5D55-4B27-8ECA-FA0BD921BC40}.Release|iPhoneSimulator.Build.0 = Release|iPhoneSimulator
		{743D9998-5D55-4B27-8ECA-FA0BD921BC40}.Release|iPhoneSimulator.Deploy.0 = Release|iPhoneSimulator
		{743D9998-5D55-4B27-8ECA-FA0BD921BC40}.Release|x64.ActiveCfg = Release|iPhoneSimulator
		{743D9998-5D55-4B27-8ECA-FA0BD921BC40}.Release|x64.Build.0 = Release|iPhoneSimulator
		{743D9998-5D55-4B27-8ECA-FA0BD921BC40}.Release|x64.Deploy.0 = Release|iPhoneSimulator
		{743D9998-5D55-4B27-8ECA-FA0BD921BC40}.Release|x86.ActiveCfg = Release|iPhoneSimulator
		{743D9998-5D55-4B27-8ECA-FA0BD921BC40}.Release|x86.Build.0 = Release|iPhoneSimulator
		{743D9998-5D55-4B27-8ECA-FA0BD921BC40}.Release|x86.Deploy.0 = Release|iPhoneSimulator
		{DDC7574B-E530-4C61-B80D-3D950C03D856}.Debug|Any CPU.ActiveCfg = Debug|Any CPU
		{DDC7574B-E530-4C61-B80D-3D950C03D856}.Debug|Any CPU.Build.0 = Debug|Any CPU
		{DDC7574B-E530-4C61-B80D-3D950C03D856}.Debug|Any CPU.Deploy.0 = Debug|Any CPU
		{DDC7574B-E530-4C61-B80D-3D950C03D856}.Debug|ARM.ActiveCfg = Debug|Any CPU
		{DDC7574B-E530-4C61-B80D-3D950C03D856}.Debug|ARM.Build.0 = Debug|Any CPU
		{DDC7574B-E530-4C61-B80D-3D950C03D856}.Debug|ARM.Deploy.0 = Debug|Any CPU
		{DDC7574B-E530-4C61-B80D-3D950C03D856}.Debug|iPhone.ActiveCfg = Debug|Any CPU
		{DDC7574B-E530-4C61-B80D-3D950C03D856}.Debug|iPhone.Build.0 = Debug|Any CPU
		{DDC7574B-E530-4C61-B80D-3D950C03D856}.Debug|iPhone.Deploy.0 = Debug|Any CPU
		{DDC7574B-E530-4C61-B80D-3D950C03D856}.Debug|iPhoneSimulator.ActiveCfg = Debug|Any CPU
		{DDC7574B-E530-4C61-B80D-3D950C03D856}.Debug|iPhoneSimulator.Build.0 = Debug|Any CPU
		{DDC7574B-E530-4C61-B80D-3D950C03D856}.Debug|iPhoneSimulator.Deploy.0 = Debug|Any CPU
		{DDC7574B-E530-4C61-B80D-3D950C03D856}.Debug|x64.ActiveCfg = Debug|Any CPU
		{DDC7574B-E530-4C61-B80D-3D950C03D856}.Debug|x64.Build.0 = Debug|Any CPU
		{DDC7574B-E530-4C61-B80D-3D950C03D856}.Debug|x64.Deploy.0 = Debug|Any CPU
		{DDC7574B-E530-4C61-B80D-3D950C03D856}.Debug|x86.ActiveCfg = Debug|Any CPU
		{DDC7574B-E530-4C61-B80D-3D950C03D856}.Debug|x86.Build.0 = Debug|Any CPU
		{DDC7574B-E530-4C61-B80D-3D950C03D856}.Debug|x86.Deploy.0 = Debug|Any CPU
		{DDC7574B-E530-4C61-B80D-3D950C03D856}.Release|Any CPU.ActiveCfg = Release|Any CPU
		{DDC7574B-E530-4C61-B80D-3D950C03D856}.Release|Any CPU.Build.0 = Release|Any CPU
		{DDC7574B-E530-4C61-B80D-3D950C03D856}.Release|Any CPU.Deploy.0 = Release|Any CPU
		{DDC7574B-E530-4C61-B80D-3D950C03D856}.Release|ARM.ActiveCfg = Release|Any CPU
		{DDC7574B-E530-4C61-B80D-3D950C03D856}.Release|ARM.Build.0 = Release|Any CPU
		{DDC7574B-E530-4C61-B80D-3D950C03D856}.Release|ARM.Deploy.0 = Release|Any CPU
		{DDC7574B-E530-4C61-B80D-3D950C03D856}.Release|iPhone.ActiveCfg = Release|Any CPU
		{DDC7574B-E530-4C61-B80D-3D950C03D856}.Release|iPhone.Build.0 = Release|Any CPU
		{DDC7574B-E530-4C61-B80D-3D950C03D856}.Release|iPhone.Deploy.0 = Release|Any CPU
		{DDC7574B-E530-4C61-B80D-3D950C03D856}.Release|iPhoneSimulator.ActiveCfg = Release|Any CPU
		{DDC7574B-E530-4C61-B80D-3D950C03D856}.Release|iPhoneSimulator.Build.0 = Release|Any CPU
		{DDC7574B-E530-4C61-B80D-3D950C03D856}.Release|iPhoneSimulator.Deploy.0 = Release|Any CPU
		{DDC7574B-E530-4C61-B80D-3D950C03D856}.Release|x64.ActiveCfg = Release|Any CPU
		{DDC7574B-E530-4C61-B80D-3D950C03D856}.Release|x64.Build.0 = Release|Any CPU
		{DDC7574B-E530-4C61-B80D-3D950C03D856}.Release|x64.Deploy.0 = Release|Any CPU
		{DDC7574B-E530-4C61-B80D-3D950C03D856}.Release|x86.ActiveCfg = Release|Any CPU
		{DDC7574B-E530-4C61-B80D-3D950C03D856}.Release|x86.Build.0 = Release|Any CPU
		{DDC7574B-E530-4C61-B80D-3D950C03D856}.Release|x86.Deploy.0 = Release|Any CPU
	EndGlobalSection
	GlobalSection(SolutionProperties) = preSolution
		HideSolutionNode = FALSE
	EndGlobalSection
	GlobalSection(ExtensibilityGlobals) = postSolution
		SolutionGuid = {DB5201CD-4088-47E6-9EDE-491E52F192DB}
	EndGlobalSection
EndGlobal
