
Microsoft Visual Studio Solution File, Format Version 12.00
# Visual Studio Version 16
VisualStudioVersion = 16.0.29215.179
MinimumVisualStudioVersion = 10.0.40219.1
Project("{FAE04EC0-301F-11D3-BF4B-00C04F79EFBC}") = "opgave 12", "opgave 12.csproj", "{4388E4A0-7593-4E69-8A05-9EE67B78BDFB}"
EndProject
Global
	GlobalSection(SolutionConfigurationPlatforms) = preSolution
		Debug|Any CPU = Debug|Any CPU
		Release|Any CPU = Release|Any CPU
	EndGlobalSection
	GlobalSection(ProjectConfigurationPlatforms) = postSolution
		{4388E4A0-7593-4E69-8A05-9EE67B78BDFB}.Debug|Any CPU.ActiveCfg = Debug|Any CPU
		{4388E4A0-7593-4E69-8A05-9EE67B78BDFB}.Debug|Any CPU.Build.0 = Debug|Any CPU
		{4388E4A0-7593-4E69-8A05-9EE67B78BDFB}.Release|Any CPU.ActiveCfg = Release|Any CPU
		{4388E4A0-7593-4E69-8A05-9EE67B78BDFB}.Release|Any CPU.Build.0 = Release|Any CPU
	EndGlobalSection
	GlobalSection(SolutionProperties) = preSolution
		HideSolutionNode = FALSE
	EndGlobalSection
	GlobalSection(ExtensibilityGlobals) = postSolution
		SolutionGuid = {212E0722-E365-4FC0-A22F-3227EFD35609}
	EndGlobalSection
EndGlobal
