
Microsoft Visual Studio Solution File, Format Version 12.00
# Visual Studio Version 16
VisualStudioVersion = 16.0.29519.87
MinimumVisualStudioVersion = 10.0.40219.1
Project("{FAE04EC0-301F-11D3-BF4B-00C04F79EFBC}") = "Spiludviling sidate time", "Spiludviling sidate time.csproj", "{870A1108-A797-4889-8F70-93A1E4C93F41}"
EndProject
Global
	GlobalSection(SolutionConfigurationPlatforms) = preSolution
		Debug|Any CPU = Debug|Any CPU
		Release|Any CPU = Release|Any CPU
	EndGlobalSection
	GlobalSection(ProjectConfigurationPlatforms) = postSolution
		{870A1108-A797-4889-8F70-93A1E4C93F41}.Debug|Any CPU.ActiveCfg = Debug|Any CPU
		{870A1108-A797-4889-8F70-93A1E4C93F41}.Debug|Any CPU.Build.0 = Debug|Any CPU
		{870A1108-A797-4889-8F70-93A1E4C93F41}.Release|Any CPU.ActiveCfg = Release|Any CPU
		{870A1108-A797-4889-8F70-93A1E4C93F41}.Release|Any CPU.Build.0 = Release|Any CPU
	EndGlobalSection
	GlobalSection(SolutionProperties) = preSolution
		HideSolutionNode = FALSE
	EndGlobalSection
	GlobalSection(ExtensibilityGlobals) = postSolution
		SolutionGuid = {0F98CB28-1897-447B-9879-8AA7485C991F}
	EndGlobalSection
EndGlobal
