
Microsoft Visual Studio Solution File, Format Version 12.00
# Visual Studio Version 16
VisualStudioVersion = 16.0.29306.81
MinimumVisualStudioVersion = 10.0.40219.1
Project("{FAE04EC0-301F-11D3-BF4B-00C04F79EFBC}") = "opgave 15", "opgave 15.csproj", "{5AE235F5-9033-4288-AE51-BC8DF3F13C24}"
EndProject
Global
	GlobalSection(SolutionConfigurationPlatforms) = preSolution
		Debug|Any CPU = Debug|Any CPU
		Release|Any CPU = Release|Any CPU
	EndGlobalSection
	GlobalSection(ProjectConfigurationPlatforms) = postSolution
		{5AE235F5-9033-4288-AE51-BC8DF3F13C24}.Debug|Any CPU.ActiveCfg = Debug|Any CPU
		{5AE235F5-9033-4288-AE51-BC8DF3F13C24}.Debug|Any CPU.Build.0 = Debug|Any CPU
		{5AE235F5-9033-4288-AE51-BC8DF3F13C24}.Release|Any CPU.ActiveCfg = Release|Any CPU
		{5AE235F5-9033-4288-AE51-BC8DF3F13C24}.Release|Any CPU.Build.0 = Release|Any CPU
	EndGlobalSection
	GlobalSection(SolutionProperties) = preSolution
		HideSolutionNode = FALSE
	EndGlobalSection
	GlobalSection(ExtensibilityGlobals) = postSolution
		SolutionGuid = {EE6CB1C4-8FBA-48B1-BD66-622204325B10}
	EndGlobalSection
EndGlobal
