
Microsoft Visual Studio Solution File, Format Version 12.00
# Visual Studio Version 16
VisualStudioVersion = 16.0.29215.179
MinimumVisualStudioVersion = 10.0.40219.1
Project("{FAE04EC0-301F-11D3-BF4B-00C04F79EFBC}") = "opgave 8", "opgave 8.csproj", "{75E7D884-3FCF-43C2-91A6-17E03422C8F9}"
EndProject
Global
	GlobalSection(SolutionConfigurationPlatforms) = preSolution
		Debug|Any CPU = Debug|Any CPU
		Release|Any CPU = Release|Any CPU
	EndGlobalSection
	GlobalSection(ProjectConfigurationPlatforms) = postSolution
		{75E7D884-3FCF-43C2-91A6-17E03422C8F9}.Debug|Any CPU.ActiveCfg = Debug|Any CPU
		{75E7D884-3FCF-43C2-91A6-17E03422C8F9}.Debug|Any CPU.Build.0 = Debug|Any CPU
		{75E7D884-3FCF-43C2-91A6-17E03422C8F9}.Release|Any CPU.ActiveCfg = Release|Any CPU
		{75E7D884-3FCF-43C2-91A6-17E03422C8F9}.Release|Any CPU.Build.0 = Release|Any CPU
	EndGlobalSection
	GlobalSection(SolutionProperties) = preSolution
		HideSolutionNode = FALSE
	EndGlobalSection
	GlobalSection(ExtensibilityGlobals) = postSolution
		SolutionGuid = {D29FD640-1D9A-4F55-BBF8-EA42CCA420A2}
	EndGlobalSection
EndGlobal
