
Microsoft Visual Studio Solution File, Format Version 12.00
# Visual Studio Version 16
VisualStudioVersion = 16.0.29215.179
MinimumVisualStudioVersion = 10.0.40219.1
Project("{FAE04EC0-301F-11D3-BF4B-00C04F79EFBC}") = "loop i en liste", "loop i en liste.csproj", "{2A359D62-0128-4460-8977-EE36E5EF2692}"
EndProject
Global
	GlobalSection(SolutionConfigurationPlatforms) = preSolution
		Debug|Any CPU = Debug|Any CPU
		Release|Any CPU = Release|Any CPU
	EndGlobalSection
	GlobalSection(ProjectConfigurationPlatforms) = postSolution
		{2A359D62-0128-4460-8977-EE36E5EF2692}.Debug|Any CPU.ActiveCfg = Debug|Any CPU
		{2A359D62-0128-4460-8977-EE36E5EF2692}.Debug|Any CPU.Build.0 = Debug|Any CPU
		{2A359D62-0128-4460-8977-EE36E5EF2692}.Release|Any CPU.ActiveCfg = Release|Any CPU
		{2A359D62-0128-4460-8977-EE36E5EF2692}.Release|Any CPU.Build.0 = Release|Any CPU
	EndGlobalSection
	GlobalSection(SolutionProperties) = preSolution
		HideSolutionNode = FALSE
	EndGlobalSection
	GlobalSection(ExtensibilityGlobals) = postSolution
		SolutionGuid = {442DC205-1AA1-4DFE-B771-B857E2E53DB5}
	EndGlobalSection
EndGlobal
